
Microsoft Visual Studio Solution File, Format Version 12.00
# Visual Studio 15
Project("{FAE04EC0-301F-11D3-BF4B-00C04F79EFBC}") = "Marketplace.App.iOS", "Marketplace.App.iOS\Marketplace.App.iOS.csproj", "{07C834B6-A1EA-4021-9320-6C4A5934B143}"
EndProject
Project("{FAE04EC0-301F-11D3-BF4B-00C04F79EFBC}") = "Marketplace.App.iOS.UITests", "Marketplace.App.iOS.UITests\Marketplace.App.iOS.UITests.csproj", "{97FF5CDB-A388-490A-97F4-13CEA9D7B274}"
EndProject
Project("{FAE04EC0-301F-11D3-BF4B-00C04F79EFBC}") = "Marketplace.App.Android", "Marketplace.App.Android\Marketplace.App.Android.csproj", "{326CAD68-5C71-4465-A2B1-F4E15B26AB97}"
EndProject
Project("{FAE04EC0-301F-11D3-BF4B-00C04F79EFBC}") = "Marketplace.App.Android.UITests", "Marketplace.App.Android.UITests\Marketplace.App.Android.UITests.csproj", "{CCC750A1-A3A4-4B0B-A1B0-977B78FF4BAA}"
EndProject
Project("{FAE04EC0-301F-11D3-BF4B-00C04F79EFBC}") = "Marketplace.App.Runtime", "Marketplace.App.Runtime\Marketplace.App.Runtime.csproj", "{0EC90202-0470-43D0-81A4-9C39A309D2AD}"
EndProject
Project("{2150E333-8FDC-42A3-9474-1A3956D46DE8}") = "Solution Items", "Solution Items", "{63E1AA01-C20E-489D-8BFB-1425E819EB0B}"
	ProjectSection(SolutionItems) = preProject
		.editorconfig = .editorconfig
	EndProjectSection
EndProject
Global
	GlobalSection(SolutionConfigurationPlatforms) = preSolution
		Debug|iPhoneSimulator = Debug|iPhoneSimulator
		Release|iPhoneSimulator = Release|iPhoneSimulator
		Debug|iPhone = Debug|iPhone
		Release|iPhone = Release|iPhone
	EndGlobalSection
	GlobalSection(ProjectConfigurationPlatforms) = postSolution
		{07C834B6-A1EA-4021-9320-6C4A5934B143}.Debug|iPhoneSimulator.ActiveCfg = Debug|iPhoneSimulator
		{07C834B6-A1EA-4021-9320-6C4A5934B143}.Debug|iPhoneSimulator.Build.0 = Debug|iPhoneSimulator
		{07C834B6-A1EA-4021-9320-6C4A5934B143}.Release|iPhoneSimulator.ActiveCfg = Release|iPhoneSimulator
		{07C834B6-A1EA-4021-9320-6C4A5934B143}.Release|iPhoneSimulator.Build.0 = Release|iPhoneSimulator
		{07C834B6-A1EA-4021-9320-6C4A5934B143}.Debug|iPhone.ActiveCfg = Debug|iPhone
		{07C834B6-A1EA-4021-9320-6C4A5934B143}.Debug|iPhone.Build.0 = Debug|iPhone
		{07C834B6-A1EA-4021-9320-6C4A5934B143}.Release|iPhone.ActiveCfg = Release|iPhone
		{07C834B6-A1EA-4021-9320-6C4A5934B143}.Release|iPhone.Build.0 = Release|iPhone
		{97FF5CDB-A388-490A-97F4-13CEA9D7B274}.Debug|iPhoneSimulator.ActiveCfg = Debug|Any CPU
		{97FF5CDB-A388-490A-97F4-13CEA9D7B274}.Debug|iPhoneSimulator.Build.0 = Debug|Any CPU
		{97FF5CDB-A388-490A-97F4-13CEA9D7B274}.Release|iPhoneSimulator.ActiveCfg = Release|Any CPU
		{97FF5CDB-A388-490A-97F4-13CEA9D7B274}.Release|iPhoneSimulator.Build.0 = Release|Any CPU
		{97FF5CDB-A388-490A-97F4-13CEA9D7B274}.Debug|iPhone.ActiveCfg = Debug|Any CPU
		{97FF5CDB-A388-490A-97F4-13CEA9D7B274}.Debug|iPhone.Build.0 = Debug|Any CPU
		{97FF5CDB-A388-490A-97F4-13CEA9D7B274}.Release|iPhone.ActiveCfg = Release|Any CPU
		{97FF5CDB-A388-490A-97F4-13CEA9D7B274}.Release|iPhone.Build.0 = Release|Any CPU
		{326CAD68-5C71-4465-A2B1-F4E15B26AB97}.Debug|iPhoneSimulator.ActiveCfg = Debug|Any CPU
		{326CAD68-5C71-4465-A2B1-F4E15B26AB97}.Debug|iPhoneSimulator.Build.0 = Debug|Any CPU
		{326CAD68-5C71-4465-A2B1-F4E15B26AB97}.Release|iPhoneSimulator.ActiveCfg = Release|Any CPU
		{326CAD68-5C71-4465-A2B1-F4E15B26AB97}.Release|iPhoneSimulator.Build.0 = Release|Any CPU
		{326CAD68-5C71-4465-A2B1-F4E15B26AB97}.Debug|iPhone.ActiveCfg = Debug|Any CPU
		{326CAD68-5C71-4465-A2B1-F4E15B26AB97}.Debug|iPhone.Build.0 = Debug|Any CPU
		{326CAD68-5C71-4465-A2B1-F4E15B26AB97}.Release|iPhone.ActiveCfg = Release|Any CPU
		{326CAD68-5C71-4465-A2B1-F4E15B26AB97}.Release|iPhone.Build.0 = Release|Any CPU
		{CCC750A1-A3A4-4B0B-A1B0-977B78FF4BAA}.Debug|iPhoneSimulator.ActiveCfg = Debug|Any CPU
		{CCC750A1-A3A4-4B0B-A1B0-977B78FF4BAA}.Debug|iPhoneSimulator.Build.0 = Debug|Any CPU
		{CCC750A1-A3A4-4B0B-A1B0-977B78FF4BAA}.Release|iPhoneSimulator.ActiveCfg = Release|Any CPU
		{CCC750A1-A3A4-4B0B-A1B0-977B78FF4BAA}.Release|iPhoneSimulator.Build.0 = Release|Any CPU
		{CCC750A1-A3A4-4B0B-A1B0-977B78FF4BAA}.Debug|iPhone.ActiveCfg = Debug|Any CPU
		{CCC750A1-A3A4-4B0B-A1B0-977B78FF4BAA}.Debug|iPhone.Build.0 = Debug|Any CPU
		{CCC750A1-A3A4-4B0B-A1B0-977B78FF4BAA}.Release|iPhone.ActiveCfg = Release|Any CPU
		{CCC750A1-A3A4-4B0B-A1B0-977B78FF4BAA}.Release|iPhone.Build.0 = Release|Any CPU
		{0EC90202-0470-43D0-81A4-9C39A309D2AD}.Debug|iPhoneSimulator.ActiveCfg = Debug|Any CPU
		{0EC90202-0470-43D0-81A4-9C39A309D2AD}.Debug|iPhoneSimulator.Build.0 = Debug|Any CPU
		{0EC90202-0470-43D0-81A4-9C39A309D2AD}.Release|iPhoneSimulator.ActiveCfg = Release|Any CPU
		{0EC90202-0470-43D0-81A4-9C39A309D2AD}.Release|iPhoneSimulator.Build.0 = Release|Any CPU
		{0EC90202-0470-43D0-81A4-9C39A309D2AD}.Debug|iPhone.ActiveCfg = Debug|Any CPU
		{0EC90202-0470-43D0-81A4-9C39A309D2AD}.Debug|iPhone.Build.0 = Debug|Any CPU
		{0EC90202-0470-43D0-81A4-9C39A309D2AD}.Release|iPhone.ActiveCfg = Release|Any CPU
		{0EC90202-0470-43D0-81A4-9C39A309D2AD}.Release|iPhone.Build.0 = Release|Any CPU
	EndGlobalSection
	GlobalSection(NestedProjects) = preSolution
	EndGlobalSection
EndGlobal
